
Microsoft Visual Studio Solution File, Format Version 12.00
# Visual Studio Version 17
VisualStudioVersion = 17.3.32901.215
MinimumVisualStudioVersion = 10.0.40219.1
Project("{FAE04EC0-301F-11D3-BF4B-00C04F79EFBC}") = "TP5-ASP", "TP5-ASP\TP5-ASP.csproj", "{F64BF258-BC05-47BF-A53A-95EFE158A3EF}"
EndProject
Global
	GlobalSection(SolutionConfigurationPlatforms) = preSolution
		Debug|Any CPU = Debug|Any CPU
		Release|Any CPU = Release|Any CPU
	EndGlobalSection
	GlobalSection(ProjectConfigurationPlatforms) = postSolution
		{F64BF258-BC05-47BF-A53A-95EFE158A3EF}.Debug|Any CPU.ActiveCfg = Debug|Any CPU
		{F64BF258-BC05-47BF-A53A-95EFE158A3EF}.Debug|Any CPU.Build.0 = Debug|Any CPU
		{F64BF258-BC05-47BF-A53A-95EFE158A3EF}.Release|Any CPU.ActiveCfg = Release|Any CPU
		{F64BF258-BC05-47BF-A53A-95EFE158A3EF}.Release|Any CPU.Build.0 = Release|Any CPU
	EndGlobalSection
	GlobalSection(SolutionProperties) = preSolution
		HideSolutionNode = FALSE
	EndGlobalSection
	GlobalSection(ExtensibilityGlobals) = postSolution
		SolutionGuid = {A0340CA9-0598-4C40-8625-C13D7C93160C}
	EndGlobalSection
EndGlobal
